
Microsoft Visual Studio Solution File, Format Version 12.00
# Visual Studio 14
VisualStudioVersion = 14.0.25420.1
MinimumVisualStudioVersion = 10.0.40219.1
Project("{FAE04EC0-301F-11D3-BF4B-00C04F79EFBC}") = "BotsinaWPF", "SpyPlaybackNewUI1\BotsinaWPF.csproj", "{554A9227-6889-4426-BE86-C24DBD9600D9}"
EndProject
Global
	GlobalSection(SolutionConfigurationPlatforms) = preSolution
		Build 1.0.1|Any CPU = Build 1.0.1|Any CPU
		Build 1.0.2|Any CPU = Build 1.0.2|Any CPU
		Debug|Any CPU = Debug|Any CPU
		Release|Any CPU = Release|Any CPU
	EndGlobalSection
	GlobalSection(ProjectConfigurationPlatforms) = postSolution
		{554A9227-6889-4426-BE86-C24DBD9600D9}.Build 1.0.1|Any CPU.ActiveCfg = Build 1.0.1|Any CPU
		{554A9227-6889-4426-BE86-C24DBD9600D9}.Build 1.0.1|Any CPU.Build.0 = Build 1.0.1|Any CPU
		{554A9227-6889-4426-BE86-C24DBD9600D9}.Build 1.0.2|Any CPU.ActiveCfg = Build 1.0.2|Any CPU
		{554A9227-6889-4426-BE86-C24DBD9600D9}.Build 1.0.2|Any CPU.Build.0 = Build 1.0.2|Any CPU
		{554A9227-6889-4426-BE86-C24DBD9600D9}.Debug|Any CPU.ActiveCfg = Debug|Any CPU
		{554A9227-6889-4426-BE86-C24DBD9600D9}.Debug|Any CPU.Build.0 = Debug|Any CPU
		{554A9227-6889-4426-BE86-C24DBD9600D9}.Release|Any CPU.ActiveCfg = Release|Any CPU
		{554A9227-6889-4426-BE86-C24DBD9600D9}.Release|Any CPU.Build.0 = Release|Any CPU
	EndGlobalSection
	GlobalSection(SolutionProperties) = preSolution
		HideSolutionNode = FALSE
	EndGlobalSection
	GlobalSection(ExtensibilityGlobals) = postSolution
		SolutionGuid = {AB248113-FDDC-4460-9479-0D0140EB9912}
	EndGlobalSection
EndGlobal
